
Microsoft Visual Studio Solution File, Format Version 12.00
# Visual Studio Version 17
VisualStudioVersion = 17.0.32014.148
MinimumVisualStudioVersion = 10.0.40219.1
Project("{9A19103F-16F7-4668-BE54-9A1E7A4F7556}") = "ToDo.Web", "ToDo.Web\ToDo.Web.csproj", "{855E4309-A956-4F28-B012-89F8EBC6B2CB}"
EndProject
Project("{9A19103F-16F7-4668-BE54-9A1E7A4F7556}") = "ToDo", "ToDo\ToDo.csproj", "{D121C63D-EA1A-4705-8C46-975D44F5D60D}"
EndProject
Project("{FAE04EC0-301F-11D3-BF4B-00C04F79EFBC}") = "ToDoTest", "ToDoTest\ToDoTest.csproj", "{B437C5C8-EF30-44C6-8D76-BFB352B9BD6D}"
EndProject
Global
	GlobalSection(SolutionConfigurationPlatforms) = preSolution
		Debug|Any CPU = Debug|Any CPU
		Release|Any CPU = Release|Any CPU
	EndGlobalSection
	GlobalSection(ProjectConfigurationPlatforms) = postSolution
		{855E4309-A956-4F28-B012-89F8EBC6B2CB}.Debug|Any CPU.ActiveCfg = Debug|Any CPU
		{855E4309-A956-4F28-B012-89F8EBC6B2CB}.Debug|Any CPU.Build.0 = Debug|Any CPU
		{855E4309-A956-4F28-B012-89F8EBC6B2CB}.Release|Any CPU.ActiveCfg = Release|Any CPU
		{855E4309-A956-4F28-B012-89F8EBC6B2CB}.Release|Any CPU.Build.0 = Release|Any CPU
		{D121C63D-EA1A-4705-8C46-975D44F5D60D}.Debug|Any CPU.ActiveCfg = Debug|Any CPU
		{D121C63D-EA1A-4705-8C46-975D44F5D60D}.Debug|Any CPU.Build.0 = Debug|Any CPU
		{D121C63D-EA1A-4705-8C46-975D44F5D60D}.Release|Any CPU.ActiveCfg = Release|Any CPU
		{D121C63D-EA1A-4705-8C46-975D44F5D60D}.Release|Any CPU.Build.0 = Release|Any CPU
		{B437C5C8-EF30-44C6-8D76-BFB352B9BD6D}.Debug|Any CPU.ActiveCfg = Debug|Any CPU
		{B437C5C8-EF30-44C6-8D76-BFB352B9BD6D}.Debug|Any CPU.Build.0 = Debug|Any CPU
		{B437C5C8-EF30-44C6-8D76-BFB352B9BD6D}.Release|Any CPU.ActiveCfg = Release|Any CPU
		{B437C5C8-EF30-44C6-8D76-BFB352B9BD6D}.Release|Any CPU.Build.0 = Release|Any CPU
	EndGlobalSection
	GlobalSection(SolutionProperties) = preSolution
		HideSolutionNode = FALSE
	EndGlobalSection
	GlobalSection(ExtensibilityGlobals) = postSolution
		SolutionGuid = {CDF80D27-C0A2-41A2-AAA2-E2D5CFAA487B}
	EndGlobalSection
EndGlobal
